
Microsoft Visual Studio Solution File, Format Version 12.00
# Visual Studio Version 17
VisualStudioVersion = 17.3.32901.215
MinimumVisualStudioVersion = 10.0.40219.1
Project("{9A19103F-16F7-4668-BE54-9A1E7A4F7556}") = "TaskSignalRClassroom", "TaskSignalRClassroom\TaskSignalRClassroom.csproj", "{C23C4F9E-0D25-46A5-9E20-FF49FF24991D}"
EndProject
Project("{FAE04EC0-301F-11D3-BF4B-00C04F79EFBC}") = "SignalRApi", "SignalRApi\SignalRApi.csproj", "{1F4F152B-9606-4327-8061-7D4B65508B1C}"
EndProject
Global
	GlobalSection(SolutionConfigurationPlatforms) = preSolution
		Debug|Any CPU = Debug|Any CPU
		Release|Any CPU = Release|Any CPU
	EndGlobalSection
	GlobalSection(ProjectConfigurationPlatforms) = postSolution
		{C23C4F9E-0D25-46A5-9E20-FF49FF24991D}.Debug|Any CPU.ActiveCfg = Debug|Any CPU
		{C23C4F9E-0D25-46A5-9E20-FF49FF24991D}.Debug|Any CPU.Build.0 = Debug|Any CPU
		{C23C4F9E-0D25-46A5-9E20-FF49FF24991D}.Release|Any CPU.ActiveCfg = Release|Any CPU
		{C23C4F9E-0D25-46A5-9E20-FF49FF24991D}.Release|Any CPU.Build.0 = Release|Any CPU
		{1F4F152B-9606-4327-8061-7D4B65508B1C}.Debug|Any CPU.ActiveCfg = Debug|Any CPU
		{1F4F152B-9606-4327-8061-7D4B65508B1C}.Debug|Any CPU.Build.0 = Debug|Any CPU
		{1F4F152B-9606-4327-8061-7D4B65508B1C}.Release|Any CPU.ActiveCfg = Release|Any CPU
		{1F4F152B-9606-4327-8061-7D4B65508B1C}.Release|Any CPU.Build.0 = Release|Any CPU
	EndGlobalSection
	GlobalSection(SolutionProperties) = preSolution
		HideSolutionNode = FALSE
	EndGlobalSection
	GlobalSection(ExtensibilityGlobals) = postSolution
		SolutionGuid = {201879B7-842E-4814-8802-6260532D31EA}
	EndGlobalSection
EndGlobal
