
Microsoft Visual Studio Solution File, Format Version 12.00
# Visual Studio Version 17
VisualStudioVersion = 17.3.32811.315
MinimumVisualStudioVersion = 10.0.40219.1
Project("{9A19103F-16F7-4668-BE54-9A1E7A4F7556}") = "Day1_Tasks", "Test1\Day1_Tasks.csproj", "{B0FA09F0-6D22-4D72-9D73-F51E5163F9BE}"
EndProject
Project("{9A19103F-16F7-4668-BE54-9A1E7A4F7556}") = "Day2_Tasks", "Day2_Tasks\Day2_Tasks.csproj", "{1F6F2F69-39B0-4F5A-8FDF-0DA62B7958E6}"
EndProject
Project("{9A19103F-16F7-4668-BE54-9A1E7A4F7556}") = "Day3_Tasks", "Day3_Tasks\Day3_Tasks.csproj", "{74144B87-465A-4C97-8386-42BF2CABE7F2}"
EndProject
Project("{9A19103F-16F7-4668-BE54-9A1E7A4F7556}") = "Day3_Tasks_Part2", "Day3_Tasks_Part2\Day3_Tasks_Part2.csproj", "{BA956621-7068-4028-B616-50B2B3C8E4D9}"
EndProject
Project("{9A19103F-16F7-4668-BE54-9A1E7A4F7556}") = "Day4_Lesson_Part1", "Day4_Lesson_Part1\Day4_Lesson_Part1.csproj", "{F4D49B56-A984-40D8-8398-9F4F31B4D519}"
EndProject
Project("{9A19103F-16F7-4668-BE54-9A1E7A4F7556}") = "Day4_Lesson_Part2", "Day4_Lesson_Part2\Day4_Lesson_Part2.csproj", "{B83D7CA9-F2B3-4B9A-9805-3FBB678EBC4B}"
EndProject
Project("{FAE04EC0-301F-11D3-BF4B-00C04F79EFBC}") = "Day5_Lesson_Part1", "Day5_Lesson_Part1\Day5_Lesson_Part1.csproj", "{28E95705-7F57-4B76-86E3-37C43A1D6C08}"
EndProject
Global
	GlobalSection(SolutionConfigurationPlatforms) = preSolution
		Debug|Any CPU = Debug|Any CPU
		Release|Any CPU = Release|Any CPU
	EndGlobalSection
	GlobalSection(ProjectConfigurationPlatforms) = postSolution
		{B0FA09F0-6D22-4D72-9D73-F51E5163F9BE}.Debug|Any CPU.ActiveCfg = Debug|Any CPU
		{B0FA09F0-6D22-4D72-9D73-F51E5163F9BE}.Debug|Any CPU.Build.0 = Debug|Any CPU
		{B0FA09F0-6D22-4D72-9D73-F51E5163F9BE}.Release|Any CPU.ActiveCfg = Release|Any CPU
		{B0FA09F0-6D22-4D72-9D73-F51E5163F9BE}.Release|Any CPU.Build.0 = Release|Any CPU
		{1F6F2F69-39B0-4F5A-8FDF-0DA62B7958E6}.Debug|Any CPU.ActiveCfg = Debug|Any CPU
		{1F6F2F69-39B0-4F5A-8FDF-0DA62B7958E6}.Debug|Any CPU.Build.0 = Debug|Any CPU
		{1F6F2F69-39B0-4F5A-8FDF-0DA62B7958E6}.Release|Any CPU.ActiveCfg = Release|Any CPU
		{1F6F2F69-39B0-4F5A-8FDF-0DA62B7958E6}.Release|Any CPU.Build.0 = Release|Any CPU
		{74144B87-465A-4C97-8386-42BF2CABE7F2}.Debug|Any CPU.ActiveCfg = Debug|Any CPU
		{74144B87-465A-4C97-8386-42BF2CABE7F2}.Debug|Any CPU.Build.0 = Debug|Any CPU
		{74144B87-465A-4C97-8386-42BF2CABE7F2}.Release|Any CPU.ActiveCfg = Release|Any CPU
		{74144B87-465A-4C97-8386-42BF2CABE7F2}.Release|Any CPU.Build.0 = Release|Any CPU
		{BA956621-7068-4028-B616-50B2B3C8E4D9}.Debug|Any CPU.ActiveCfg = Debug|Any CPU
		{BA956621-7068-4028-B616-50B2B3C8E4D9}.Debug|Any CPU.Build.0 = Debug|Any CPU
		{BA956621-7068-4028-B616-50B2B3C8E4D9}.Release|Any CPU.ActiveCfg = Release|Any CPU
		{BA956621-7068-4028-B616-50B2B3C8E4D9}.Release|Any CPU.Build.0 = Release|Any CPU
		{F4D49B56-A984-40D8-8398-9F4F31B4D519}.Debug|Any CPU.ActiveCfg = Debug|Any CPU
		{F4D49B56-A984-40D8-8398-9F4F31B4D519}.Debug|Any CPU.Build.0 = Debug|Any CPU
		{F4D49B56-A984-40D8-8398-9F4F31B4D519}.Release|Any CPU.ActiveCfg = Release|Any CPU
		{F4D49B56-A984-40D8-8398-9F4F31B4D519}.Release|Any CPU.Build.0 = Release|Any CPU
		{B83D7CA9-F2B3-4B9A-9805-3FBB678EBC4B}.Debug|Any CPU.ActiveCfg = Debug|Any CPU
		{B83D7CA9-F2B3-4B9A-9805-3FBB678EBC4B}.Debug|Any CPU.Build.0 = Debug|Any CPU
		{B83D7CA9-F2B3-4B9A-9805-3FBB678EBC4B}.Release|Any CPU.ActiveCfg = Release|Any CPU
		{B83D7CA9-F2B3-4B9A-9805-3FBB678EBC4B}.Release|Any CPU.Build.0 = Release|Any CPU
		{28E95705-7F57-4B76-86E3-37C43A1D6C08}.Debug|Any CPU.ActiveCfg = Debug|Any CPU
		{28E95705-7F57-4B76-86E3-37C43A1D6C08}.Debug|Any CPU.Build.0 = Debug|Any CPU
		{28E95705-7F57-4B76-86E3-37C43A1D6C08}.Release|Any CPU.ActiveCfg = Release|Any CPU
		{28E95705-7F57-4B76-86E3-37C43A1D6C08}.Release|Any CPU.Build.0 = Release|Any CPU
	EndGlobalSection
	GlobalSection(SolutionProperties) = preSolution
		HideSolutionNode = FALSE
	EndGlobalSection
	GlobalSection(ExtensibilityGlobals) = postSolution
		SolutionGuid = {58E5566F-69FD-4EEF-8A61-1DFD4BBE4E72}
	EndGlobalSection
EndGlobal
