
Microsoft Visual Studio Solution File, Format Version 12.00
# Visual Studio Version 17
VisualStudioVersion = 17.3.32901.215
MinimumVisualStudioVersion = 10.0.40219.1
Project("{FAE04EC0-301F-11D3-BF4B-00C04F79EFBC}") = "Login_Register_App", "Login_Register_App\Login_Register_App.csproj", "{9FCC4F69-E697-44ED-8099-57529AFD9473}"
EndProject
Global
	GlobalSection(SolutionConfigurationPlatforms) = preSolution
		Debug|Any CPU = Debug|Any CPU
		Release|Any CPU = Release|Any CPU
	EndGlobalSection
	GlobalSection(ProjectConfigurationPlatforms) = postSolution
		{9FCC4F69-E697-44ED-8099-57529AFD9473}.Debug|Any CPU.ActiveCfg = Debug|Any CPU
		{9FCC4F69-E697-44ED-8099-57529AFD9473}.Debug|Any CPU.Build.0 = Debug|Any CPU
		{9FCC4F69-E697-44ED-8099-57529AFD9473}.Release|Any CPU.ActiveCfg = Release|Any CPU
		{9FCC4F69-E697-44ED-8099-57529AFD9473}.Release|Any CPU.Build.0 = Release|Any CPU
	EndGlobalSection
	GlobalSection(SolutionProperties) = preSolution
		HideSolutionNode = FALSE
	EndGlobalSection
	GlobalSection(ExtensibilityGlobals) = postSolution
		SolutionGuid = {5873C315-B017-486A-B6F9-BD7746FB36BF}
	EndGlobalSection
EndGlobal
