
Microsoft Visual Studio Solution File, Format Version 12.00
# Visual Studio Version 17
VisualStudioVersion = 17.3.32819.101
MinimumVisualStudioVersion = 10.0.40219.1
Project("{9A19103F-16F7-4668-BE54-9A1E7A4F7556}") = "MyContact", "MyContact.csproj", "{BA6A9693-3A4D-474B-B9D3-BEE984A72F7F}"
EndProject
Global
	GlobalSection(SolutionConfigurationPlatforms) = preSolution
		Debug|Any CPU = Debug|Any CPU
		Release|Any CPU = Release|Any CPU
	EndGlobalSection
	GlobalSection(ProjectConfigurationPlatforms) = postSolution
		{BA6A9693-3A4D-474B-B9D3-BEE984A72F7F}.Debug|Any CPU.ActiveCfg = Debug|Any CPU
		{BA6A9693-3A4D-474B-B9D3-BEE984A72F7F}.Debug|Any CPU.Build.0 = Debug|Any CPU
		{BA6A9693-3A4D-474B-B9D3-BEE984A72F7F}.Release|Any CPU.ActiveCfg = Release|Any CPU
		{BA6A9693-3A4D-474B-B9D3-BEE984A72F7F}.Release|Any CPU.Build.0 = Release|Any CPU
	EndGlobalSection
	GlobalSection(SolutionProperties) = preSolution
		HideSolutionNode = FALSE
	EndGlobalSection
	GlobalSection(ExtensibilityGlobals) = postSolution
		SolutionGuid = {5FD1ABD8-D546-4CB8-A8C8-8FB5AA4C2CC7}
	EndGlobalSection
EndGlobal
