
Microsoft Visual Studio Solution File, Format Version 12.00
# Visual Studio Version 17
VisualStudioVersion = 17.3.32901.215
MinimumVisualStudioVersion = 10.0.40219.1
Project("{9A19103F-16F7-4668-BE54-9A1E7A4F7556}") = "MVC_TemplateApp", "MVC_TemplateApp\MVC_TemplateApp.csproj", "{6F940AB3-2298-4A2B-AAA9-3BBC88E8EC95}"
EndProject
Project("{FAE04EC0-301F-11D3-BF4B-00C04F79EFBC}") = "StateManagement_Cookie", "StateManagement_Cookie\StateManagement_Cookie.csproj", "{62EA5012-F607-4BAB-8382-E52952666EF9}"
EndProject
Project("{FAE04EC0-301F-11D3-BF4B-00C04F79EFBC}") = "Stagemanagement_Cache", "Stagemanagement_Cache\Stagemanagement_Cache.csproj", "{E3E8C5BF-7BA7-4168-BDF6-80118E042349}"
EndProject
Global
	GlobalSection(SolutionConfigurationPlatforms) = preSolution
		Debug|Any CPU = Debug|Any CPU
		Release|Any CPU = Release|Any CPU
	EndGlobalSection
	GlobalSection(ProjectConfigurationPlatforms) = postSolution
		{6F940AB3-2298-4A2B-AAA9-3BBC88E8EC95}.Debug|Any CPU.ActiveCfg = Debug|Any CPU
		{6F940AB3-2298-4A2B-AAA9-3BBC88E8EC95}.Debug|Any CPU.Build.0 = Debug|Any CPU
		{6F940AB3-2298-4A2B-AAA9-3BBC88E8EC95}.Release|Any CPU.ActiveCfg = Release|Any CPU
		{6F940AB3-2298-4A2B-AAA9-3BBC88E8EC95}.Release|Any CPU.Build.0 = Release|Any CPU
		{62EA5012-F607-4BAB-8382-E52952666EF9}.Debug|Any CPU.ActiveCfg = Debug|Any CPU
		{62EA5012-F607-4BAB-8382-E52952666EF9}.Debug|Any CPU.Build.0 = Debug|Any CPU
		{62EA5012-F607-4BAB-8382-E52952666EF9}.Release|Any CPU.ActiveCfg = Release|Any CPU
		{62EA5012-F607-4BAB-8382-E52952666EF9}.Release|Any CPU.Build.0 = Release|Any CPU
		{E3E8C5BF-7BA7-4168-BDF6-80118E042349}.Debug|Any CPU.ActiveCfg = Debug|Any CPU
		{E3E8C5BF-7BA7-4168-BDF6-80118E042349}.Debug|Any CPU.Build.0 = Debug|Any CPU
		{E3E8C5BF-7BA7-4168-BDF6-80118E042349}.Release|Any CPU.ActiveCfg = Release|Any CPU
		{E3E8C5BF-7BA7-4168-BDF6-80118E042349}.Release|Any CPU.Build.0 = Release|Any CPU
	EndGlobalSection
	GlobalSection(SolutionProperties) = preSolution
		HideSolutionNode = FALSE
	EndGlobalSection
	GlobalSection(ExtensibilityGlobals) = postSolution
		SolutionGuid = {7DAF53D4-2E16-43BC-AF96-581E8550B40E}
	EndGlobalSection
EndGlobal
